
Microsoft Visual Studio Solution File, Format Version 12.00
# Visual Studio Version 17
VisualStudioVersion = 17.12.35527.113
MinimumVisualStudioVersion = 10.0.40219.1
Project("{FAE04EC0-301F-11D3-BF4B-00C04F79EFBC}") = "gestion", "Gestion Articulos\gestion.csproj", "{A6DACB1B-48CB-43FA-9399-A0ADF2D5E065}"
EndProject
Project("{FAE04EC0-301F-11D3-BF4B-00C04F79EFBC}") = "negocio", "negocio\negocio.csproj", "{ADFB7549-4C5C-4FDC-86A3-0008C69C7CF7}"
EndProject
Project("{FAE04EC0-301F-11D3-BF4B-00C04F79EFBC}") = "dominio", "dominio\dominio.csproj", "{585E8EEA-4703-4F46-99B1-224074E84BD7}"
EndProject
Project("{FAE04EC0-301F-11D3-BF4B-00C04F79EFBC}") = "helpers", "Helpers\helpers.csproj", "{1A327517-D521-41AB-98CF-6A46A1839371}"
EndProject
Global
	GlobalSection(SolutionConfigurationPlatforms) = preSolution
		Debug|Any CPU = Debug|Any CPU
		Release|Any CPU = Release|Any CPU
	EndGlobalSection
	GlobalSection(ProjectConfigurationPlatforms) = postSolution
		{A6DACB1B-48CB-43FA-9399-A0ADF2D5E065}.Debug|Any CPU.ActiveCfg = Debug|Any CPU
		{A6DACB1B-48CB-43FA-9399-A0ADF2D5E065}.Debug|Any CPU.Build.0 = Debug|Any CPU
		{A6DACB1B-48CB-43FA-9399-A0ADF2D5E065}.Release|Any CPU.ActiveCfg = Release|Any CPU
		{A6DACB1B-48CB-43FA-9399-A0ADF2D5E065}.Release|Any CPU.Build.0 = Release|Any CPU
		{ADFB7549-4C5C-4FDC-86A3-0008C69C7CF7}.Debug|Any CPU.ActiveCfg = Debug|Any CPU
		{ADFB7549-4C5C-4FDC-86A3-0008C69C7CF7}.Debug|Any CPU.Build.0 = Debug|Any CPU
		{ADFB7549-4C5C-4FDC-86A3-0008C69C7CF7}.Release|Any CPU.ActiveCfg = Release|Any CPU
		{ADFB7549-4C5C-4FDC-86A3-0008C69C7CF7}.Release|Any CPU.Build.0 = Release|Any CPU
		{585E8EEA-4703-4F46-99B1-224074E84BD7}.Debug|Any CPU.ActiveCfg = Debug|Any CPU
		{585E8EEA-4703-4F46-99B1-224074E84BD7}.Debug|Any CPU.Build.0 = Debug|Any CPU
		{585E8EEA-4703-4F46-99B1-224074E84BD7}.Release|Any CPU.ActiveCfg = Release|Any CPU
		{585E8EEA-4703-4F46-99B1-224074E84BD7}.Release|Any CPU.Build.0 = Release|Any CPU
		{1A327517-D521-41AB-98CF-6A46A1839371}.Debug|Any CPU.ActiveCfg = Debug|Any CPU
		{1A327517-D521-41AB-98CF-6A46A1839371}.Debug|Any CPU.Build.0 = Debug|Any CPU
		{1A327517-D521-41AB-98CF-6A46A1839371}.Release|Any CPU.ActiveCfg = Release|Any CPU
		{1A327517-D521-41AB-98CF-6A46A1839371}.Release|Any CPU.Build.0 = Release|Any CPU
	EndGlobalSection
	GlobalSection(SolutionProperties) = preSolution
		HideSolutionNode = FALSE
	EndGlobalSection
EndGlobal
